github.com/goccy/go-json v0.10.5 h1:Fq85nIqj+gXn/S5ahsiTlK3TmC85qgirsdTP/+DeaC4=
github.com/goccy/go-json v0.10.5/go.mod h1:oq7eo15ShAhp70Anwd5lgX2pLfOS3QCiwU/PULtXL6M=
github.com/minio/minio-go/v7 v7.0.88 h1:v8MoIJjwYxOkehp+eiLIuvXk87P2raUtoU5klrAAshs=
github.com/minio/minio-go/v7 v7.0.88/go.mod h1:33+O8h0tO7pCeCWwBVa07RhVVfB/3vS4kEX7rwYKmIg=
github.com/minio/pkg/v3 v3.1.4 h1:qh4RjPB1IRWOtj5QygqvZAg3BuQEB5kQo2AxYa2R3oA=
github.com/minio/pkg/v3 v3.1.4/go.mod h1:XIUU35+I9lWuTuMf94pwnQjvli6nZfRND6TjZGgqSEE=
